<Solution>
  <Project Path="FirstProjectCMS/FirstProjectCMS.csproj" />
  <Project Path="HotelManagementSystem/HotelManagementSystem.csproj" Id="f4744e6d-0ead-48fb-bd50-e4a127a642a3" />
  <Project Path="LibraryManagementSystem/LibraryManagementSystem.csproj" Id="df63c409-1246-40bd-99a1-8a5eb8153712" />
</Solution>
